
Microsoft Visual Studio Solution File, Format Version 12.00
# Visual Studio Version 17
VisualStudioVersion = 17.0.32112.339
MinimumVisualStudioVersion = 10.0.40219.1
Project("{FAE04EC0-301F-11D3-BF4B-00C04F79EFBC}") = "universidadUH", "universidadUH\universidadUH.csproj", "{2C92D45D-C29D-4B0B-A1FF-AE93E65674F4}"
EndProject
Global
	GlobalSection(SolutionConfigurationPlatforms) = preSolution
		Debug|Any CPU = Debug|Any CPU
		Release|Any CPU = Release|Any CPU
	EndGlobalSection
	GlobalSection(ProjectConfigurationPlatforms) = postSolution
		{2C92D45D-C29D-4B0B-A1FF-AE93E65674F4}.Debug|Any CPU.ActiveCfg = Debug|Any CPU
		{2C92D45D-C29D-4B0B-A1FF-AE93E65674F4}.Debug|Any CPU.Build.0 = Debug|Any CPU
		{2C92D45D-C29D-4B0B-A1FF-AE93E65674F4}.Release|Any CPU.ActiveCfg = Release|Any CPU
		{2C92D45D-C29D-4B0B-A1FF-AE93E65674F4}.Release|Any CPU.Build.0 = Release|Any CPU
	EndGlobalSection
	GlobalSection(SolutionProperties) = preSolution
		HideSolutionNode = FALSE
	EndGlobalSection
	GlobalSection(ExtensibilityGlobals) = postSolution
		SolutionGuid = {CB432D1E-298F-4795-9111-3DCD2E7A9804}
	EndGlobalSection
EndGlobal
